// !$*UTF8*$!
{
	archiveVersion = 1;
	classes = {
	};
	objectVersion = 56;
	objects = {

/* Begin PBXBuildFile section */
		CE8F5D772A40AC4700967B42 /* AppDelegate.swift in Sources */ = {isa = PBXBuildFile; fileRef = CE8F5D762A40AC4700967B42 /* AppDelegate.swift */; };
		CE8F5D792A40AC4700967B42 /* SceneDelegate.swift in Sources */ = {isa = PBXBuildFile; fileRef = CE8F5D782A40AC4700967B42 /* SceneDelegate.swift */; };
		CE8F5D7B2A40AC4700967B42 /* ViewController.swift in Sources */ = {isa = PBXBuildFile; fileRef = CE8F5D7A2A40AC4700967B42 /* ViewController.swift */; };
		CE8F5D7E2A40AC4700967B42 /* Main.storyboard in Resources */ = {isa = PBXBuildFile; fileRef = CE8F5D7C2A40AC4700967B42 /* Main.storyboard */; };
		CE8F5D802A40AC4800967B42 /* Assets.xcassets in Resources */ = {isa = PBXBuildFile; fileRef = CE8F5D7F2A40AC4800967B42 /* Assets.xcassets */; };
		CE8F5D832A40AC4800967B42 /* LaunchScreen.storyboard in Resources */ = {isa = PBXBuildFile; fileRef = CE8F5D812A40AC4800967B42 /* LaunchScreen.storyboard */; };
		CE8F5D922A40B59800967B42 /* QuestionViewController.swift in Sources */ = {isa = PBXBuildFile; fileRef = CE8F5D912A40B59800967B42 /* QuestionViewController.swift */; };
		CE8F5D942A40B8A400967B42 /* ResultsViewController.swift in Sources */ = {isa = PBXBuildFile; fileRef = CE8F5D932A40B8A400967B42 /* ResultsViewController.swift */; };
		CE8F5D962A40C63200967B42 /* Question.swift in Sources */ = {isa = PBXBuildFile; fileRef = CE8F5D952A40C63200967B42 /* Question.swift */; };
		CE8F5D982A40C64900967B42 /* Answer.swift in Sources */ = {isa = PBXBuildFile; fileRef = CE8F5D972A40C64900967B42 /* Answer.swift */; };
/* End PBXBuildFile section */

/* Begin PBXFileReference section */
		CE8F5D732A40AC4700967B42 /* AnimalQuiz.app */ = {isa = PBXFileReference; explicitFileType = wrapper.application; includeInIndex = 0; path = AnimalQuiz.app; sourceTree = BUILT_PRODUCTS_DIR; };
		CE8F5D762A40AC4700967B42 /* AppDelegate.swift */ = {isa = PBXFileReference; lastKnownFileType = sourcecode.swift; path = AppDelegate.swift; sourceTree = "<group>"; };
		CE8F5D782A40AC4700967B42 /* SceneDelegate.swift */ = {isa = PBXFileReference; lastKnownFileType = sourcecode.swift; path = SceneDelegate.swift; sourceTree = "<group>"; };
		CE8F5D7A2A40AC4700967B42 /* ViewController.swift */ = {isa = PBXFileReference; lastKnownFileType = sourcecode.swift; path = ViewController.swift; sourceTree = "<group>"; };
		CE8F5D7D2A40AC4700967B42 /* Base */ = {isa = PBXFileReference; lastKnownFileType = file.storyboard; name = Base; path = Base.lproj/Main.storyboard; sourceTree = "<group>"; };
		CE8F5D7F2A40AC4800967B42 /* Assets.xcassets */ = {isa = PBXFileReference; lastKnownFileType = folder.assetcatalog; path = Assets.xcassets; sourceTree = "<group>"; };
		CE8F5D822A40AC4800967B42 /* Base */ = {isa = PBXFileReference; lastKnownFileType = file.storyboard; name = Base; path = Base.lproj/LaunchScreen.storyboard; sourceTree = "<group>"; };
		CE8F5D842A40AC4800967B42 /* Info.plist */ = {isa = PBXFileReference; lastKnownFileType = text.plist.xml; path = Info.plist; sourceTree = "<group>"; };
		CE8F5D912A40B59800967B42 /* QuestionViewController.swift */ = {isa = PBXFileReference; lastKnownFileType = sourcecode.swift; path = QuestionViewController.swift; sourceTree = "<group>"; };
		CE8F5D932A40B8A400967B42 /* ResultsViewController.swift */ = {isa = PBXFileReference; lastKnownFileType = sourcecode.swift; path = ResultsViewController.swift; sourceTree = "<group>"; };
		CE8F5D952A40C63200967B42 /* Question.swift */ = {isa = PBXFileReference; lastKnownFileType = sourcecode.swift; path = Question.swift; sourceTree = "<group>"; };
		CE8F5D972A40C64900967B42 /* Answer.swift */ = {isa = PBXFileReference; lastKnownFileType = sourcecode.swift; path = Answer.swift; sourceTree = "<group>"; };
/* End PBXFileReference section */

/* Begin PBXFrameworksBuildPhase section */
		CE8F5D702A40AC4700967B42 /* Frameworks */ = {
			isa = PBXFrameworksBuildPhase;
			buildActionMask = 2147483647;
			files = (
			);
			runOnlyForDeploymentPostprocessing = 0;
		};
/* End PBXFrameworksBuildPhase section */

/* Begin PBXGroup section */
		CE8F5D6A2A40AC4700967B42 = {
			isa = PBXGroup;
			children = (
				CE8F5D752A40AC4700967B42 /* AnimalQuiz */,
				CE8F5D742A40AC4700967B42 /* Products */,
			);
			sourceTree = "<group>";
		};
		CE8F5D742A40AC4700967B42 /* Products */ = {
			isa = PBXGroup;
			children = (
				CE8F5D732A40AC4700967B42 /* AnimalQuiz.app */,
			);
			name = Products;
			sourceTree = "<group>";
		};
		CE8F5D752A40AC4700967B42 /* AnimalQuiz */ = {
			isa = PBXGroup;
			children = (
				CE8F5D902A40B01F00967B42 /* Resources */,
				CE8F5D8F2A40B00D00967B42 /* Models */,
				CE8F5D8E2A40ADE500967B42 /* ViewContollers */,
				CE8F5D8A2A40AC7800967B42 /* Storyboards */,
				CE8F5D8D2A40AD9300967B42 /* Supporting Files */,
			);
			path = AnimalQuiz;
			sourceTree = "<group>";
		};
		CE8F5D8A2A40AC7800967B42 /* Storyboards */ = {
			isa = PBXGroup;
			children = (
				CE8F5D7C2A40AC4700967B42 /* Main.storyboard */,
				CE8F5D812A40AC4800967B42 /* LaunchScreen.storyboard */,
			);
			path = Storyboards;
			sourceTree = "<group>";
		};
		CE8F5D8D2A40AD9300967B42 /* Supporting Files */ = {
			isa = PBXGroup;
			children = (
				CE8F5D842A40AC4800967B42 /* Info.plist */,
				CE8F5D782A40AC4700967B42 /* SceneDelegate.swift */,
				CE8F5D762A40AC4700967B42 /* AppDelegate.swift */,
			);
			path = "Supporting Files";
			sourceTree = "<group>";
		};
		CE8F5D8E2A40ADE500967B42 /* ViewContollers */ = {
			isa = PBXGroup;
			children = (
				CE8F5D7A2A40AC4700967B42 /* ViewController.swift */,
				CE8F5D912A40B59800967B42 /* QuestionViewController.swift */,
				CE8F5D932A40B8A400967B42 /* ResultsViewController.swift */,
			);
			path = ViewContollers;
			sourceTree = "<group>";
		};
		CE8F5D8F2A40B00D00967B42 /* Models */ = {
			isa = PBXGroup;
			children = (
				CE8F5D952A40C63200967B42 /* Question.swift */,
				CE8F5D972A40C64900967B42 /* Answer.swift */,
			);
			path = Models;
			sourceTree = "<group>";
		};
		CE8F5D902A40B01F00967B42 /* Resources */ = {
			isa = PBXGroup;
			children = (
				CE8F5D7F2A40AC4800967B42 /* Assets.xcassets */,
			);
			path = Resources;
			sourceTree = "<group>";
		};
/* End PBXGroup section */

/* Begin PBXNativeTarget section */
		CE8F5D722A40AC4700967B42 /* AnimalQuiz */ = {
			isa = PBXNativeTarget;
			buildConfigurationList = CE8F5D872A40AC4800967B42 /* Build configuration list for PBXNativeTarget "AnimalQuiz" */;
			buildPhases = (
				CE8F5D6F2A40AC4700967B42 /* Sources */,
				CE8F5D702A40AC4700967B42 /* Frameworks */,
				CE8F5D712A40AC4700967B42 /* Resources */,
			);
			buildRules = (
			);
			dependencies = (
			);
			name = AnimalQuiz;
			productName = AnimalQuiz;
			productReference = CE8F5D732A40AC4700967B42 /* AnimalQuiz.app */;
			productType = "com.apple.product-type.application";
		};
/* End PBXNativeTarget section */

/* Begin PBXProject section */
		CE8F5D6B2A40AC4700967B42 /* Project object */ = {
			isa = PBXProject;
			attributes = {
				BuildIndependentTargetsInParallel = 1;
				LastSwiftUpdateCheck = 1430;
				LastUpgradeCheck = 1430;
				TargetAttributes = {
					CE8F5D722A40AC4700967B42 = {
						CreatedOnToolsVersion = 14.3.1;
					};
				};
			};
			buildConfigurationList = CE8F5D6E2A40AC4700967B42 /* Build configuration list for PBXProject "AnimalQuiz" */;
			compatibilityVersion = "Xcode 14.0";
			developmentRegion = en;
			hasScannedForEncodings = 0;
			knownRegions = (
				en,
				Base,
			);
			mainGroup = CE8F5D6A2A40AC4700967B42;
			productRefGroup = CE8F5D742A40AC4700967B42 /* Products */;
			projectDirPath = "";
			projectRoot = "";
			targets = (
				CE8F5D722A40AC4700967B42 /* AnimalQuiz */,
			);
		};
/* End PBXProject section */

/* Begin PBXResourcesBuildPhase section */
		CE8F5D712A40AC4700967B42 /* Resources */ = {
			isa = PBXResourcesBuildPhase;
			buildActionMask = 2147483647;
			files = (
				CE8F5D832A40AC4800967B42 /* LaunchScreen.storyboard in Resources */,
				CE8F5D802A40AC4800967B42 /* Assets.xcassets in Resources */,
				CE8F5D7E2A40AC4700967B42 /* Main.storyboard in Resources */,
			);
			runOnlyForDeploymentPostprocessing = 0;
		};
/* End PBXResourcesBuildPhase section */

/* Begin PBXSourcesBuildPhase section */
		CE8F5D6F2A40AC4700967B42 /* Sources */ = {
			isa = PBXSourcesBuildPhase;
			buildActionMask = 2147483647;
			files = (
				CE8F5D7B2A40AC4700967B42 /* ViewController.swift in Sources */,
				CE8F5D772A40AC4700967B42 /* AppDelegate.swift in Sources */,
				CE8F5D922A40B59800967B42 /* QuestionViewController.swift in Sources */,
				CE8F5D982A40C64900967B42 /* Answer.swift in Sources */,
				CE8F5D962A40C63200967B42 /* Question.swift in Sources */,
				CE8F5D942A40B8A400967B42 /* ResultsViewController.swift in Sources */,
				CE8F5D792A40AC4700967B42 /* SceneDelegate.swift in Sources */,
			);
			runOnlyForDeploymentPostprocessing = 0;
		};
/* End PBXSourcesBuildPhase section */

/* Begin PBXVariantGroup section */
		CE8F5D7C2A40AC4700967B42 /* Main.storyboard */ = {
			isa = PBXVariantGroup;
			children = (
				CE8F5D7D2A40AC4700967B42 /* Base */,
			);
			name = Main.storyboard;
			sourceTree = "<group>";
		};
		CE8F5D812A40AC4800967B42 /* LaunchScreen.storyboard */ = {
			isa = PBXVariantGroup;
			children = (
				CE8F5D822A40AC4800967B42 /* Base */,
			);
			name = LaunchScreen.storyboard;
			sourceTree = "<group>";
		};
/* End PBXVariantGroup section */

/* Begin XCBuildConfiguration section */
		CE8F5D852A40AC4800967B42 /* Debug */ = {
			isa = XCBuildConfiguration;
			buildSettings = {
				ALWAYS_SEARCH_USER_PATHS = NO;
				CLANG_ANALYZER_NONNULL = YES;
				CLANG_ANALYZER_NUMBER_OBJECT_CONVERSION = YES_AGGRESSIVE;
				CLANG_CXX_LANGUAGE_STANDARD = "gnu++20";
				CLANG_ENABLE_MODULES = YES;
				CLANG_ENABLE_OBJC_ARC = YES;
				CLANG_ENABLE_OBJC_WEAK = YES;
				CLANG_WARN_BLOCK_CAPTURE_AUTORELEASING = YES;
				CLANG_WARN_BOOL_CONVERSION = YES;
				CLANG_WARN_COMMA = YES;
				CLANG_WARN_CONSTANT_CONVERSION = YES;
				CLANG_WARN_DEPRECATED_OBJC_IMPLEMENTATIONS = YES;
				CLANG_WARN_DIRECT_OBJC_ISA_USAGE = YES_ERROR;
				CLANG_WARN_DOCUMENTATION_COMMENTS = YES;
				CLANG_WARN_EMPTY_BODY = YES;
				CLANG_WARN_ENUM_CONVERSION = YES;
				CLANG_WARN_INFINITE_RECURSION = YES;
				CLANG_WARN_INT_CONVERSION = YES;
				CLANG_WARN_NON_LITERAL_NULL_CONVERSION = YES;
				CLANG_WARN_OBJC_IMPLICIT_RETAIN_SELF = YES;
				CLANG_WARN_OBJC_LITERAL_CONVERSION = YES;
				CLANG_WARN_OBJC_ROOT_CLASS = YES_ERROR;
				CLANG_WARN_QUOTED_INCLUDE_IN_FRAMEWORK_HEADER = YES;
				CLANG_WARN_RANGE_LOOP_ANALYSIS = YES;
				CLANG_WARN_STRICT_PROTOTYPES = YES;
				CLANG_WARN_SUSPICIOUS_MOVE = YES;
				CLANG_WARN_UNGUARDED_AVAILABILITY = YES_AGGRESSIVE;
				CLANG_WARN_UNREACHABLE_CODE = YES;
				CLANG_WARN__DUPLICATE_METHOD_MATCH = YES;
				COPY_PHASE_STRIP = NO;
				DEBUG_INFORMATION_FORMAT = dwarf;
				ENABLE_STRICT_OBJC_MSGSEND = YES;
				ENABLE_TESTABILITY = YES;
				GCC_C_LANGUAGE_STANDARD = gnu11;
				GCC_DYNAMIC_NO_PIC = NO;
				GCC_NO_COMMON_BLOCKS = YES;
				GCC_OPTIMIZATION_LEVEL = 0;
				GCC_PREPROCESSOR_DEFINITIONS = (
					"DEBUG=1",
					"$(inherited)",
				);
				GCC_WARN_64_TO_32_BIT_CONVERSION = YES;
				GCC_WARN_ABOUT_RETURN_TYPE = YES_ERROR;
				GCC_WARN_UNDECLARED_SELECTOR = YES;
				GCC_WARN_UNINITIALIZED_AUTOS = YES_AGGRESSIVE;
				GCC_WARN_UNUSED_FUNCTION = YES;
				GCC_WARN_UNUSED_VARIABLE = YES;
				IPHONEOS_DEPLOYMENT_TARGET = 16.4;
				MTL_ENABLE_DEBUG_INFO = INCLUDE_SOURCE;
				MTL_FAST_MATH = YES;
				ONLY_ACTIVE_ARCH = YES;
				SDKROOT = iphoneos;
				SWIFT_ACTIVE_COMPILATION_CONDITIONS = DEBUG;
				SWIFT_OPTIMIZATION_LEVEL = "-Onone";
			};
			name = Debug;
		};
		CE8F5D862A40AC4800967B42 /* Release */ = {
			isa = XCBuildConfiguration;
			buildSettings = {
				ALWAYS_SEARCH_USER_PATHS = NO;
				CLANG_ANALYZER_NONNULL = YES;
				CLANG_ANALYZER_NUMBER_OBJECT_CONVERSION = YES_AGGRESSIVE;
				CLANG_CXX_LANGUAGE_STANDARD = "gnu++20";
				CLANG_ENABLE_MODULES = YES;
				CLANG_ENABLE_OBJC_ARC = YES;
				CLANG_ENABLE_OBJC_WEAK = YES;
				CLANG_WARN_BLOCK_CAPTURE_AUTORELEASING = YES;
				CLANG_WARN_BOOL_CONVERSION = YES;
				CLANG_WARN_COMMA = YES;
				CLANG_WARN_CONSTANT_CONVERSION = YES;
				CLANG_WARN_DEPRECATED_OBJC_IMPLEMENTATIONS = YES;
				CLANG_WARN_DIRECT_OBJC_ISA_USAGE = YES_ERROR;
				CLANG_WARN_DOCUMENTATION_COMMENTS = YES;
				CLANG_WARN_EMPTY_BODY = YES;
				CLANG_WARN_ENUM_CONVERSION = YES;
				CLANG_WARN_INFINITE_RECURSION = YES;
				CLANG_WARN_INT_CONVERSION = YES;
				CLANG_WARN_NON_LITERAL_NULL_CONVERSION = YES;
				CLANG_WARN_OBJC_IMPLICIT_RETAIN_SELF = YES;
				CLANG_WARN_OBJC_LITERAL_CONVERSION = YES;
				CLANG_WARN_OBJC_ROOT_CLASS = YES_ERROR;
				CLANG_WARN_QUOTED_INCLUDE_IN_FRAMEWORK_HEADER = YES;
				CLANG_WARN_RANGE_LOOP_ANALYSIS = YES;
				CLANG_WARN_STRICT_PROTOTYPES = YES;
				CLANG_WARN_SUSPICIOUS_MOVE = YES;
				CLANG_WARN_UNGUARDED_AVAILABILITY = YES_AGGRESSIVE;
				CLANG_WARN_UNREACHABLE_CODE = YES;
				CLANG_WARN__DUPLICATE_METHOD_MATCH = YES;
				COPY_PHASE_STRIP = NO;
				DEBUG_INFORMATION_FORMAT = "dwarf-with-dsym";
				ENABLE_NS_ASSERTIONS = NO;
				ENABLE_STRICT_OBJC_MSGSEND = YES;
				GCC_C_LANGUAGE_STANDARD = gnu11;
				GCC_NO_COMMON_BLOCKS = YES;
				GCC_WARN_64_TO_32_BIT_CONVERSION = YES;
				GCC_WARN_ABOUT_RETURN_TYPE = YES_ERROR;
				GCC_WARN_UNDECLARED_SELECTOR = YES;
				GCC_WARN_UNINITIALIZED_AUTOS = YES_AGGRESSIVE;
				GCC_WARN_UNUSED_FUNCTION = YES;
				GCC_WARN_UNUSED_VARIABLE = YES;
				IPHONEOS_DEPLOYMENT_TARGET = 16.4;
				MTL_ENABLE_DEBUG_INFO = NO;
				MTL_FAST_MATH = YES;
				SDKROOT = iphoneos;
				SWIFT_COMPILATION_MODE = wholemodule;
				SWIFT_OPTIMIZATION_LEVEL = "-O";
				VALIDATE_PRODUCT = YES;
			};
			name = Release;
		};
		CE8F5D882A40AC4800967B42 /* Debug */ = {
			isa = XCBuildConfiguration;
			buildSettings = {
				ASSETCATALOG_COMPILER_APPICON_NAME = AppIcon;
				ASSETCATALOG_COMPILER_GLOBAL_ACCENT_COLOR_NAME = AccentColor;
				CODE_SIGN_STYLE = Automatic;
				CURRENT_PROJECT_VERSION = 1;
				DEVELOPMENT_TEAM = RYY8WT8K8U;
				GENERATE_INFOPLIST_FILE = YES;
				INFOPLIST_FILE = "AnimalQuiz/Supporting Files/Info.plist";
				INFOPLIST_KEY_UIApplicationSupportsIndirectInputEvents = YES;
				INFOPLIST_KEY_UILaunchStoryboardName = LaunchScreen;
				INFOPLIST_KEY_UIMainStoryboardFile = Main;
				INFOPLIST_KEY_UISupportedInterfaceOrientations_iPad = "UIInterfaceOrientationPortrait UIInterfaceOrientationPortraitUpsideDown UIInterfaceOrientationLandscapeLeft UIInterfaceOrientationLandscapeRight";
				INFOPLIST_KEY_UISupportedInterfaceOrientations_iPhone = "UIInterfaceOrientationPortrait UIInterfaceOrientationLandscapeLeft UIInterfaceOrientationLandscapeRight";
				LD_RUNPATH_SEARCH_PATHS = (
					"$(inherited)",
					"@executable_path/Frameworks",
				);
				MARKETING_VERSION = 1.0;
				PRODUCT_BUNDLE_IDENTIFIER = com.laptsionak.AnimalQuiz;
				PRODUCT_NAME = "$(TARGET_NAME)";
				SWIFT_EMIT_LOC_STRINGS = YES;
				SWIFT_VERSION = 5.0;
				TARGETED_DEVICE_FAMILY = "1,2";
			};
			name = Debug;
		};
		CE8F5D892A40AC4800967B42 /* Release */ = {
			isa = XCBuildConfiguration;
			buildSettings = {
				ASSETCATALOG_COMPILER_APPICON_NAME = AppIcon;
				ASSETCATALOG_COMPILER_GLOBAL_ACCENT_COLOR_NAME = AccentColor;
				CODE_SIGN_STYLE = Automatic;
				CURRENT_PROJECT_VERSION = 1;
				DEVELOPMENT_TEAM = RYY8WT8K8U;
				GENERATE_INFOPLIST_FILE = YES;
				INFOPLIST_FILE = "AnimalQuiz/Supporting Files/Info.plist";
				INFOPLIST_KEY_UIApplicationSupportsIndirectInputEvents = YES;
				INFOPLIST_KEY_UILaunchStoryboardName = LaunchScreen;
				INFOPLIST_KEY_UIMainStoryboardFile = Main;
				INFOPLIST_KEY_UISupportedInterfaceOrientations_iPad = "UIInterfaceOrientationPortrait UIInterfaceOrientationPortraitUpsideDown UIInterfaceOrientationLandscapeLeft UIInterfaceOrientationLandscapeRight";
				INFOPLIST_KEY_UISupportedInterfaceOrientations_iPhone = "UIInterfaceOrientationPortrait UIInterfaceOrientationLandscapeLeft UIInterfaceOrientationLandscapeRight";
				LD_RUNPATH_SEARCH_PATHS = (
					"$(inherited)",
					"@executable_path/Frameworks",
				);
				MARKETING_VERSION = 1.0;
				PRODUCT_BUNDLE_IDENTIFIER = com.laptsionak.AnimalQuiz;
				PRODUCT_NAME = "$(TARGET_NAME)";
				SWIFT_EMIT_LOC_STRINGS = YES;
				SWIFT_VERSION = 5.0;
				TARGETED_DEVICE_FAMILY = "1,2";
			};
			name = Release;
		};
/* End XCBuildConfiguration section */

/* Begin XCConfigurationList section */
		CE8F5D6E2A40AC4700967B42 /* Build configuration list for PBXProject "AnimalQuiz" */ = {
			isa = XCConfigurationList;
			buildConfigurations = (
				CE8F5D852A40AC4800967B42 /* Debug */,
				CE8F5D862A40AC4800967B42 /* Release */,
			);
			defaultConfigurationIsVisible = 0;
			defaultConfigurationName = Release;
		};
		CE8F5D872A40AC4800967B42 /* Build configuration list for PBXNativeTarget "AnimalQuiz" */ = {
			isa = XCConfigurationList;
			buildConfigurations = (
				CE8F5D882A40AC4800967B42 /* Debug */,
				CE8F5D892A40AC4800967B42 /* Release */,
			);
			defaultConfigurationIsVisible = 0;
			defaultConfigurationName = Release;
		};
/* End XCConfigurationList section */
	};
	rootObject = CE8F5D6B2A40AC4700967B42 /* Project object */;
}
